Microsoft Visual Studio Solution File, Format Version 12.00
# Visual Studio 15
VisualStudioVersion = 15.0.27130.2027
MinimumVisualStudioVersion = 15.0.26124.0
Project("{9A19103F-16F7-4668-BE54-9A1E7A4F7556}") = "Jiggle.Core", "Jiggle.Core\Jiggle.Core.csproj", "{FFA4D0A2-1D04-4EFF-8A46-6865A0084905}"
EndProject
Project("{9A19103F-16F7-4668-BE54-9A1E7A4F7556}") = "Jiggle.Core.Tests", "Jiggle.Core.Tests\Jiggle.Core.Tests.csproj", "{AFDA20E3-FCC4-46D6-8874-2EA9E8DB12B5}"
EndProject
Global
	GlobalSection(SolutionConfigurationPlatforms) = preSolution
		Debug|Any CPU = Debug|Any CPU
		Debug|x64 = Debug|x64
		Debug|x86 = Debug|x86
		Release|Any CPU = Release|Any CPU
		Release|x64 = Release|x64
		Release|x86 = Release|x86
	EndGlobalSection
	GlobalSection(ProjectConfigurationPlatforms) = postSolution
		{FFA4D0A2-1D04-4EFF-8A46-6865A0084905}.Debug|Any CPU.ActiveCfg = Debug|Any CPU
		{FFA4D0A2-1D04-4EFF-8A46-6865A0084905}.Debug|Any CPU.Build.0 = Debug|Any CPU
		{FFA4D0A2-1D04-4EFF-8A46-6865A0084905}.Debug|x64.ActiveCfg = Debug|Any CPU
		{FFA4D0A2-1D04-4EFF-8A46-6865A0084905}.Debug|x64.Build.0 = Debug|Any CPU
		{FFA4D0A2-1D04-4EFF-8A46-6865A0084905}.Debug|x86.ActiveCfg = Debug|Any CPU
		{FFA4D0A2-1D04-4EFF-8A46-6865A0084905}.Debug|x86.Build.0 = Debug|Any CPU
		{FFA4D0A2-1D04-4EFF-8A46-6865A0084905}.Release|Any CPU.ActiveCfg = Release|Any CPU
		{FFA4D0A2-1D04-4EFF-8A46-6865A0084905}.Release|Any CPU.Build.0 = Release|Any CPU
		{FFA4D0A2-1D04-4EFF-8A46-6865A0084905}.Release|x64.ActiveCfg = Release|Any CPU
		{FFA4D0A2-1D04-4EFF-8A46-6865A0084905}.Release|x64.Build.0 = Release|Any CPU
		{FFA4D0A2-1D04-4EFF-8A46-6865A0084905}.Release|x86.ActiveCfg = Release|Any CPU
		{FFA4D0A2-1D04-4EFF-8A46-6865A0084905}.Release|x86.Build.0 = Release|Any CPU
		{AFDA20E3-FCC4-46D6-8874-2EA9E8DB12B5}.Debug|Any CPU.ActiveCfg = Debug|Any CPU
		{AFDA20E3-FCC4-46D6-8874-2EA9E8DB12B5}.Debug|Any CPU.Build.0 = Debug|Any CPU
		{AFDA20E3-FCC4-46D6-8874-2EA9E8DB12B5}.Debug|x64.ActiveCfg = Debug|Any CPU
		{AFDA20E3-FCC4-46D6-8874-2EA9E8DB12B5}.Debug|x64.Build.0 = Debug|Any CPU
		{AFDA20E3-FCC4-46D6-8874-2EA9E8DB12B5}.Debug|x86.ActiveCfg = Debug|Any CPU
		{AFDA20E3-FCC4-46D6-8874-2EA9E8DB12B5}.Debug|x86.Build.0 = Debug|Any CPU
		{AFDA20E3-FCC4-46D6-8874-2EA9E8DB12B5}.Release|Any CPU.ActiveCfg = Release|Any CPU
		{AFDA20E3-FCC4-46D6-8874-2EA9E8DB12B5}.Release|Any CPU.Build.0 = Release|Any CPU
		{AFDA20E3-FCC4-46D6-8874-2EA9E8DB12B5}.Release|x64.ActiveCfg = Release|Any CPU
		{AFDA20E3-FCC4-46D6-8874-2EA9E8DB12B5}.Release|x64.Build.0 = Release|Any CPU
		{AFDA20E3-FCC4-46D6-8874-2EA9E8DB12B5}.Release|x86.ActiveCfg = Release|Any CPU
		{AFDA20E3-FCC4-46D6-8874-2EA9E8DB12B5}.Release|x86.Build.0 = Release|Any CPU
	EndGlobalSection
	GlobalSection(SolutionProperties) = preSolution
		HideSolutionNode = FALSE
	EndGlobalSection
	GlobalSection(ExtensibilityGlobals) = postSolution
		SolutionGuid = {5DA3A300-CDA5-47E3-B558-00E65C180551}
	EndGlobalSection
EndGlobal
